# This file is autogenerated, do not edit; changes may be undone by the next 'dep ensure'.


[[projects]]
  name = "github.com/1and1/oneandone-cloudserver-sdk-go"
  packages = ["."]
  revision = "794121a0c7bed2f3206c33b91113e900a070c55e"
  version = "v1.3.5"

[[projects]]
  name = "github.com/codegangsta/cli"
  packages = ["."]
  revision = "71f57d300dd6a780ac1856c005c4b518cfd498ec"
  version = "v1.14.0"

[[projects]]
  name = "github.com/mattn/go-runewidth"
  packages = ["."]
  revision = "9e777a8366cce605130a531d2cd6363d07ad7317"
  version = "v0.0.2"

[[projects]]
  branch = "master"
  name = "github.com/olekukonko/tablewriter"
  packages = ["."]
  revision = "d4647c9c7a84d847478d890b816b7d8b62b0b279"

[solve-meta]
  analyzer-name = "dep"
  analyzer-version = 1
  inputs-digest = "e6ab54b479fb2a5bd78da5e4dc558e7feaa0de94dc58f6c39b2a3c426bf0102d"
  solver-name = "gps-cdcl"
  solver-version = 1
