# This file is autogenerated, do not edit; changes may be undone by the next 'dep ensure'.


[[projects]]
  name = "github.com/1and1/oneandone-cloudserver-sdk-go"
  packages = ["."]
  revision = "d32eb53f7e4af6157823934b18d69b42371efc43"
  version = "v1.3.4"

[[projects]]
  name = "github.com/codegangsta/cli"
  packages = ["."]
  revision = "71f57d300dd6a780ac1856c005c4b518cfd498ec"
  version = "v1.14.0"

[[projects]]
  name = "github.com/mattn/go-runewidth"
  packages = ["."]
  revision = "9e777a8366cce605130a531d2cd6363d07ad7317"
  version = "v0.0.2"

[[projects]]
  branch = "master"
  name = "github.com/olekukonko/tablewriter"
  packages = ["."]
  revision = "d4647c9c7a84d847478d890b816b7d8b62b0b279"

[solve-meta]
  analyzer-name = "dep"
  analyzer-version = 1
  inputs-digest = "725d9dee7ec58753250fcf514c7bdff3111312712bcf9c7a8eb10fd517fbecdc"
  solver-name = "gps-cdcl"
  solver-version = 1
